{
  "name": "playwrightE2ETest",
  "version": "1.0.0",
  "lockfileVersion": 1,
  "requires": true,
  "dependencies": {
    "@playwright/test": {
      "version": "1.45.3",
      "resolved": "https://registry.npmjs.org/@playwright/test/-/test-1.45.3.tgz",
      "integrity": "sha512-UKF4XsBfy+u3MFWEH44hva1Q8Da28G6RFtR2+5saw+jgAFQV5yYnB1fu68Mz7fO+5GJF3wgwAIs0UelU8TxFrA==",
      "dev": true,
      "requires": {
        "playwright": "1.45.3"
      },
      "dependencies": {
        "playwright": {
          "version": "1.45.3",
          "resolved": "https://registry.npmjs.org/playwright/-/playwright-1.45.3.tgz",
          "integrity": "sha512-QhVaS+lpluxCaioejDZ95l4Y4jSFCsBvl2UZkpeXlzxmqS+aABr5c82YmfMHrL6x27nvrvykJAFpkzT2eWdJww==",
          "dev": true,
          "requires": {
            "fsevents": "2.3.2",
            "playwright-core": "1.45.3"
          }
        }
      }
    },
    "@types/node": {
      "version": "20.14.12",
      "resolved": "https://registry.npmjs.org/@types/node/-/node-20.14.12.tgz",
      "integrity": "sha512-r7wNXakLeSsGT0H1AU863vS2wa5wBOK4bWMjZz2wj+8nBx+m5PeIn0k8AloSLpRuiwdRQZwarZqHE4FNArPuJQ==",
      "dev": true,
      "requires": {
        "undici-types": "~5.26.4"
      }
    },
    "allure-commandline": {
      "version": "2.29.0",
      "resolved": "https://registry.npmjs.org/allure-commandline/-/allure-commandline-2.29.0.tgz",
      "integrity": "sha512-he/oWJflViIdEmuQ4er5k+xRd//PaVVElHHTx01h6W71KM9qKiLeF5MloV93UBYoJRzjD9fgbZedSMKemCEGkQ==",
      "dev": true
    },
    "allure-js-commons": {
      "version": "2.15.1",
      "resolved": "https://registry.npmjs.org/allure-js-commons/-/allure-js-commons-2.15.1.tgz",
      "integrity": "sha512-5V/VINplbu0APnfSZOkYpKOzucO36Q2EtTD1kqjWjl7n6tj7Hh+IHCZsH3Vpk/LXRDfj9RuXugBBvwYKV5YMJw==",
      "dev": true,
      "requires": {
        "md5": "^2.3.0",
        "properties": "^1.2.1",
        "strip-ansi": "^5.2.0"
      }
    },
    "allure-playwright": {
      "version": "2.15.1",
      "resolved": "https://registry.npmjs.org/allure-playwright/-/allure-playwright-2.15.1.tgz",
      "integrity": "sha512-P1Uu1j/ptDHdYp3V5ZAeBZyt33+L+OQu0otUIEl/zkOcv0KRycHqlHwC0GEJmpgnLKvVP7s+K37LcLoSUUj3Cg==",
      "dev": true,
      "requires": {
        "allure-js-commons": "2.15.1"
      }
    },
    "ansi-regex": {
      "version": "4.1.1",
      "resolved": "https://registry.npmjs.org/ansi-regex/-/ansi-regex-4.1.1.tgz",
      "integrity": "sha512-ILlv4k/3f6vfQ4OoP2AGvirOktlQ98ZEL1k9FaQjxa3L1abBgbuTDAdPOpvbGncC0BTVQrl+OM8xZGK6tWXt7g==",
      "dev": true
    },
    "charenc": {
      "version": "0.0.2",
      "resolved": "https://registry.npmjs.org/charenc/-/charenc-0.0.2.tgz",
      "integrity": "sha512-yrLQ/yVUFXkzg7EDQsPieE/53+0RlaWTs+wBrvW36cyilJ2SaDWfl4Yj7MtLTXleV9uEKefbAGUPv2/iWSooRA==",
      "dev": true
    },
    "crypt": {
      "version": "0.0.2",
      "resolved": "https://registry.npmjs.org/crypt/-/crypt-0.0.2.tgz",
      "integrity": "sha512-mCxBlsHFYh9C+HVpiEacem8FEBnMXgU9gy4zmNC+SXAZNB/1idgp/aulFJ4FgCi7GPEVbfyng092GqL2k2rmow==",
      "dev": true
    },
    "csv-parse": {
      "version": "5.5.6",
      "resolved": "https://registry.npmjs.org/csv-parse/-/csv-parse-5.5.6.tgz",
      "integrity": "sha512-uNpm30m/AGSkLxxy7d9yRXpJQFrZzVWLFBkS+6ngPcZkw/5k3L/jjFuj7tVnEpRn+QgmiXr21nDlhCiUK4ij2A=="
    },
    "dotenv": {
      "version": "16.4.5",
      "resolved": "https://registry.npmjs.org/dotenv/-/dotenv-16.4.5.tgz",
      "integrity": "sha512-ZmdL2rui+eB2YwhsWzjInR8LldtZHGDoQ1ugH85ppHKwpUHL7j7rN0Ti9NCnGiQbhaZ11FpR+7ao1dNsmduNUg=="
    },
    "fsevents": {
      "version": "2.3.2",
      "resolved": "https://registry.npmjs.org/fsevents/-/fsevents-2.3.2.tgz",
      "integrity": "sha512-xiqMQR4xAeHTuB9uWm+fFRcIOgKBMiOBP+eXiyT7jsgVCq1bkVygt00oASowB7EdtpOHaaPgKt812P9ab+DDKA==",
      "dev": true,
      "optional": true
    },
    "is-buffer": {
      "version": "1.1.6",
      "resolved": "https://registry.npmjs.org/is-buffer/-/is-buffer-1.1.6.tgz",
      "integrity": "sha512-NcdALwpXkTm5Zvvbk7owOUSvVvBKDgKP5/ewfXEznmQFfs4ZRmanOeKBTjRVjka3QFoN6XJ+9F3USqfHqTaU5w==",
      "dev": true
    },
    "md5": {
      "version": "2.3.0",
      "resolved": "https://registry.npmjs.org/md5/-/md5-2.3.0.tgz",
      "integrity": "sha512-T1GITYmFaKuO91vxyoQMFETst+O71VUPEU3ze5GNzDm0OWdP8v1ziTaAEPUr/3kLsY3Sftgz242A1SetQiDL7g==",
      "dev": true,
      "requires": {
        "charenc": "0.0.2",
        "crypt": "0.0.2",
        "is-buffer": "~1.1.6"
      }
    },
    "playwright-core": {
      "version": "1.45.3",
      "resolved": "https://registry.npmjs.org/playwright-core/-/playwright-core-1.45.3.tgz",
      "integrity": "sha512-+ym0jNbcjikaOwwSZycFbwkWgfruWvYlJfThKYAlImbxUgdWFO2oW70ojPm4OpE4t6TAo2FY/smM+hpVTtkhDA==",
      "dev": true
    },
    "properties": {
      "version": "1.2.1",
      "resolved": "https://registry.npmjs.org/properties/-/properties-1.2.1.tgz",
      "integrity": "sha512-qYNxyMj1JeW54i/EWEFsM1cVwxJbtgPp8+0Wg9XjNaK6VE/c4oRi6PNu5p7w1mNXEIQIjV5Wwn8v8Gz82/QzdQ==",
      "dev": true
    },
    "strip-ansi": {
      "version": "5.2.0",
      "resolved": "https://registry.npmjs.org/strip-ansi/-/strip-ansi-5.2.0.tgz",
      "integrity": "sha512-DuRs1gKbBqsMKIZlrffwlug8MHkcnpjs5VPmL1PAh+mA30U0DTotfDZ0d2UUsXpPmPmMMJ6W773MaA3J+lbiWA==",
      "dev": true,
      "requires": {
        "ansi-regex": "^4.1.0"
      }
    },
    "undici-types": {
      "version": "5.26.5",
      "resolved": "https://registry.npmjs.org/undici-types/-/undici-types-5.26.5.tgz",
      "integrity": "sha512-JlCMO+ehdEIKqlFxk6IfVoAUVmgz7cU7zD/h9XZ0qzeosSHmUJVOzSQvvYSYWXkFXC+IfLKSIffhv0sVZup6pA==",
      "dev": true
    }
  }
}
